
Microsoft Visual Studio Solution File, Format Version 11.00
# Visual Studio 2010
Project("{FAE04EC0-301F-11D3-BF4B-00C04F79EFBC}") = "Trivia", "Trivia\Trivia.csproj", "{6DF4340A-A044-4593-BC79-8F7961BB91E7}"
EndProject
Project("{2150E333-8FDC-42A3-9474-1A3956D46DE8}") = "SolutionFiles", "SolutionFiles", "{0DBB818E-95FE-4241-90DA-A5A56782483C}"
	ProjectSection(SolutionItems) = preProject
		.editorconfig = .editorconfig
		.gitattributes = .gitattributes
		.gitignore = .gitignore
		global.json = global.json
		README.md = README.md
	EndProjectSection
EndProject
Project("{FAE04EC0-301F-11D3-BF4B-00C04F79EFBC}") = "Trivia.Tests", "Trivia.Tests\Trivia.Tests.csproj", "{3ADE4D89-952A-4000-9C6C-66E20AFF648A}"
EndProject
Global
	GlobalSection(SolutionConfigurationPlatforms) = preSolution
		Debug|x86 = Debug|x86
		Debug|Any CPU = Debug|Any CPU
		Release|x86 = Release|x86
		Release|Any CPU = Release|Any CPU
	EndGlobalSection
	GlobalSection(ProjectConfigurationPlatforms) = postSolution
		{6DF4340A-A044-4593-BC79-8F7961BB91E7}.Debug|x86.ActiveCfg = Debug|Any CPU
		{6DF4340A-A044-4593-BC79-8F7961BB91E7}.Debug|x86.Build.0 = Debug|Any CPU
		{6DF4340A-A044-4593-BC79-8F7961BB91E7}.Debug|Any CPU.ActiveCfg = Debug|Any CPU
		{6DF4340A-A044-4593-BC79-8F7961BB91E7}.Debug|Any CPU.Build.0 = Debug|Any CPU
		{6DF4340A-A044-4593-BC79-8F7961BB91E7}.Release|Any CPU.ActiveCfg = Release|Any CPU
		{6DF4340A-A044-4593-BC79-8F7961BB91E7}.Release|Any CPU.Build.0 = Release|Any CPU
		{3ADE4D89-952A-4000-9C6C-66E20AFF648A}.Debug|x86.ActiveCfg = Debug|Any CPU
		{3ADE4D89-952A-4000-9C6C-66E20AFF648A}.Debug|x86.Build.0 = Debug|Any CPU
		{3ADE4D89-952A-4000-9C6C-66E20AFF648A}.Debug|Any CPU.ActiveCfg = Debug|Any CPU
		{3ADE4D89-952A-4000-9C6C-66E20AFF648A}.Debug|Any CPU.Build.0 = Debug|Any CPU
		{3ADE4D89-952A-4000-9C6C-66E20AFF648A}.Release|x86.ActiveCfg = Release|Any CPU
		{3ADE4D89-952A-4000-9C6C-66E20AFF648A}.Release|x86.Build.0 = Release|Any CPU
		{3ADE4D89-952A-4000-9C6C-66E20AFF648A}.Release|Any CPU.ActiveCfg = Release|Any CPU
		{3ADE4D89-952A-4000-9C6C-66E20AFF648A}.Release|Any CPU.Build.0 = Release|Any CPU
	EndGlobalSection
	GlobalSection(SolutionProperties) = preSolution
		HideSolutionNode = FALSE
	EndGlobalSection
EndGlobal
